
Microsoft Visual Studio Solution File, Format Version 12.00
# Visual Studio 15
Project("{FAE04EC0-301F-11D3-BF4B-00C04F79EFBC}") = "UnityEngine.UI", "UnityEngine.UI.csproj", "{9C402C3F-BF3C-8E2B-CDFB-9C6369A35A4A}"
EndProject
Project("{FAE04EC0-301F-11D3-BF4B-00C04F79EFBC}") = "Assembly-CSharp", "Assembly-CSharp.csproj", "{D711B9AE-E080-47D1-FA3D-CC15963BCCDC}"
EndProject
Project("{FAE04EC0-301F-11D3-BF4B-00C04F79EFBC}") = "UnityEditor.UI", "UnityEditor.UI.csproj", "{BC4733B9-8E78-9D2E-86D7-5CC221B89731}"
EndProject
Global
	GlobalSection(SolutionConfigurationPlatforms) = preSolution
		Debug|Any CPU = Debug|Any CPU
		Release|Any CPU = Release|Any CPU
	EndGlobalSection
	GlobalSection(ProjectConfigurationPlatforms) = postSolution
		{9C402C3F-BF3C-8E2B-CDFB-9C6369A35A4A}.Debug|Any CPU.ActiveCfg = Debug|Any CPU
		{9C402C3F-BF3C-8E2B-CDFB-9C6369A35A4A}.Debug|Any CPU.Build.0 = Debug|Any CPU
		{9C402C3F-BF3C-8E2B-CDFB-9C6369A35A4A}.Release|Any CPU.ActiveCfg = Release|Any CPU
		{9C402C3F-BF3C-8E2B-CDFB-9C6369A35A4A}.Release|Any CPU.Build.0 = Release|Any CPU
		{D711B9AE-E080-47D1-FA3D-CC15963BCCDC}.Debug|Any CPU.ActiveCfg = Debug|Any CPU
		{D711B9AE-E080-47D1-FA3D-CC15963BCCDC}.Debug|Any CPU.Build.0 = Debug|Any CPU
		{D711B9AE-E080-47D1-FA3D-CC15963BCCDC}.Release|Any CPU.ActiveCfg = Release|Any CPU
		{D711B9AE-E080-47D1-FA3D-CC15963BCCDC}.Release|Any CPU.Build.0 = Release|Any CPU
		{BC4733B9-8E78-9D2E-86D7-5CC221B89731}.Debug|Any CPU.ActiveCfg = Debug|Any CPU
		{BC4733B9-8E78-9D2E-86D7-5CC221B89731}.Debug|Any CPU.Build.0 = Debug|Any CPU
		{BC4733B9-8E78-9D2E-86D7-5CC221B89731}.Release|Any CPU.ActiveCfg = Release|Any CPU
		{BC4733B9-8E78-9D2E-86D7-5CC221B89731}.Release|Any CPU.Build.0 = Release|Any CPU
	EndGlobalSection
	GlobalSection(SolutionProperties) = preSolution
		HideSolutionNode = FALSE
	EndGlobalSection
EndGlobal
